
Microsoft Visual Studio Solution File, Format Version 12.00
# Visual Studio Version 17
VisualStudioVersion = 17.8.34525.116
MinimumVisualStudioVersion = 10.0.40219.1
Project("{9A19103F-16F7-4668-BE54-9A1E7A4F7556}") = "ToKorean", "ToKorean\ToKorean.csproj", "{44D9D771-F891-4407-935D-688256561DD5}"
EndProject
Project("{9A19103F-16F7-4668-BE54-9A1E7A4F7556}") = "Translater", "Translater\Translater.csproj", "{D9FBE408-1AED-4216-A501-BF3E0B79E15C}"
EndProject
Project("{9A19103F-16F7-4668-BE54-9A1E7A4F7556}") = "IO", "IO\IO.csproj", "{61363116-B534-4DA2-AB86-B8F30829BDEF}"
EndProject
Project("{9A19103F-16F7-4668-BE54-9A1E7A4F7556}") = "Web", "Web\Web.csproj", "{7694052B-63B6-4E86-B650-4E00C7CF74AB}"
EndProject
Project("{FAE04EC0-301F-11D3-BF4B-00C04F79EFBC}") = "ToKoreanForASP", "ToKoreanForASP\ToKoreanForASP.csproj", "{B703586D-F6D2-4742-8301-E39AAB9D9FCE}"
EndProject
Global
	GlobalSection(SolutionConfigurationPlatforms) = preSolution
		Debug|Any CPU = Debug|Any CPU
		Release|Any CPU = Release|Any CPU
	EndGlobalSection
	GlobalSection(ProjectConfigurationPlatforms) = postSolution
		{44D9D771-F891-4407-935D-688256561DD5}.Debug|Any CPU.ActiveCfg = Debug|Any CPU
		{44D9D771-F891-4407-935D-688256561DD5}.Debug|Any CPU.Build.0 = Debug|Any CPU
		{44D9D771-F891-4407-935D-688256561DD5}.Release|Any CPU.ActiveCfg = Release|Any CPU
		{44D9D771-F891-4407-935D-688256561DD5}.Release|Any CPU.Build.0 = Release|Any CPU
		{D9FBE408-1AED-4216-A501-BF3E0B79E15C}.Debug|Any CPU.ActiveCfg = Debug|Any CPU
		{D9FBE408-1AED-4216-A501-BF3E0B79E15C}.Debug|Any CPU.Build.0 = Debug|Any CPU
		{D9FBE408-1AED-4216-A501-BF3E0B79E15C}.Release|Any CPU.ActiveCfg = Release|Any CPU
		{D9FBE408-1AED-4216-A501-BF3E0B79E15C}.Release|Any CPU.Build.0 = Release|Any CPU
		{61363116-B534-4DA2-AB86-B8F30829BDEF}.Debug|Any CPU.ActiveCfg = Debug|Any CPU
		{61363116-B534-4DA2-AB86-B8F30829BDEF}.Debug|Any CPU.Build.0 = Debug|Any CPU
		{61363116-B534-4DA2-AB86-B8F30829BDEF}.Release|Any CPU.ActiveCfg = Release|Any CPU
		{61363116-B534-4DA2-AB86-B8F30829BDEF}.Release|Any CPU.Build.0 = Release|Any CPU
		{7694052B-63B6-4E86-B650-4E00C7CF74AB}.Debug|Any CPU.ActiveCfg = Debug|Any CPU
		{7694052B-63B6-4E86-B650-4E00C7CF74AB}.Debug|Any CPU.Build.0 = Debug|Any CPU
		{7694052B-63B6-4E86-B650-4E00C7CF74AB}.Release|Any CPU.ActiveCfg = Release|Any CPU
		{7694052B-63B6-4E86-B650-4E00C7CF74AB}.Release|Any CPU.Build.0 = Release|Any CPU
		{B703586D-F6D2-4742-8301-E39AAB9D9FCE}.Debug|Any CPU.ActiveCfg = Debug|Any CPU
		{B703586D-F6D2-4742-8301-E39AAB9D9FCE}.Debug|Any CPU.Build.0 = Debug|Any CPU
		{B703586D-F6D2-4742-8301-E39AAB9D9FCE}.Release|Any CPU.ActiveCfg = Release|Any CPU
		{B703586D-F6D2-4742-8301-E39AAB9D9FCE}.Release|Any CPU.Build.0 = Release|Any CPU
	EndGlobalSection
	GlobalSection(SolutionProperties) = preSolution
		HideSolutionNode = FALSE
	EndGlobalSection
	GlobalSection(ExtensibilityGlobals) = postSolution
		SolutionGuid = {B46246AB-961D-4403-949B-2019A226D08A}
	EndGlobalSection
EndGlobal
